
Microsoft Visual Studio Solution File, Format Version 12.00
# Visual Studio Version 17
VisualStudioVersion = 17.7.34024.191
MinimumVisualStudioVersion = 10.0.40219.1
Project("{FAE04EC0-301F-11D3-BF4B-00C04F79EFBC}") = "TgBotWithMySqlKAD1125", "TgBotWithMySqlKAD1125\TgBotWithMySqlKAD1125.csproj", "{F8A54993-E065-4B26-8110-3F24713052E1}"
EndProject
Global
	GlobalSection(SolutionConfigurationPlatforms) = preSolution
		Debug|Any CPU = Debug|Any CPU
		Release|Any CPU = Release|Any CPU
	EndGlobalSection
	GlobalSection(ProjectConfigurationPlatforms) = postSolution
		{F8A54993-E065-4B26-8110-3F24713052E1}.Debug|Any CPU.ActiveCfg = Debug|Any CPU
		{F8A54993-E065-4B26-8110-3F24713052E1}.Debug|Any CPU.Build.0 = Debug|Any CPU
		{F8A54993-E065-4B26-8110-3F24713052E1}.Release|Any CPU.ActiveCfg = Release|Any CPU
		{F8A54993-E065-4B26-8110-3F24713052E1}.Release|Any CPU.Build.0 = Release|Any CPU
	EndGlobalSection
	GlobalSection(SolutionProperties) = preSolution
		HideSolutionNode = FALSE
	EndGlobalSection
	GlobalSection(ExtensibilityGlobals) = postSolution
		SolutionGuid = {E84BAA4F-DEBB-4491-BFC6-9D756FA4D841}
	EndGlobalSection
EndGlobal
